
Microsoft Visual Studio Solution File, Format Version 12.00
# Visual Studio Version 17
VisualStudioVersion = 17.5.002.0
MinimumVisualStudioVersion = 10.0.40219.1
Project("{9A19103F-16F7-4668-BE54-9A1E7A4F7556}") = "MvcWeather", "MvcWeather.csproj", "{D823C134-67AD-45A1-9E26-FA38D48816F8}"
EndProject
Global
	GlobalSection(SolutionConfigurationPlatforms) = preSolution
		Debug|Any CPU = Debug|Any CPU
		Release|Any CPU = Release|Any CPU
	EndGlobalSection
	GlobalSection(ProjectConfigurationPlatforms) = postSolution
		{D823C134-67AD-45A1-9E26-FA38D48816F8}.Debug|Any CPU.ActiveCfg = Debug|Any CPU
		{D823C134-67AD-45A1-9E26-FA38D48816F8}.Debug|Any CPU.Build.0 = Debug|Any CPU
		{D823C134-67AD-45A1-9E26-FA38D48816F8}.Release|Any CPU.ActiveCfg = Release|Any CPU
		{D823C134-67AD-45A1-9E26-FA38D48816F8}.Release|Any CPU.Build.0 = Release|Any CPU
	EndGlobalSection
	GlobalSection(SolutionProperties) = preSolution
		HideSolutionNode = FALSE
	EndGlobalSection
	GlobalSection(ExtensibilityGlobals) = postSolution
		SolutionGuid = {A61D22B4-0AFF-4466-B19E-6093946CE319}
	EndGlobalSection
EndGlobal
